
Microsoft Visual Studio Solution File, Format Version 12.00
# Visual Studio Version 17
VisualStudioVersion = 17.4.32916.344
MinimumVisualStudioVersion = 10.0.40219.1
Project("{FAE04EC0-301F-11D3-BF4B-00C04F79EFBC}") = "SimpleStaticExample002", "SimpleStaticExample002\SimpleStaticExample002.csproj", "{3F63A379-6954-4C1B-9251-4EBF3AF4C364}"
EndProject
Global
	GlobalSection(SolutionConfigurationPlatforms) = preSolution
		Debug|Any CPU = Debug|Any CPU
		Release|Any CPU = Release|Any CPU
	EndGlobalSection
	GlobalSection(ProjectConfigurationPlatforms) = postSolution
		{3F63A379-6954-4C1B-9251-4EBF3AF4C364}.Debug|Any CPU.ActiveCfg = Debug|Any CPU
		{3F63A379-6954-4C1B-9251-4EBF3AF4C364}.Debug|Any CPU.Build.0 = Debug|Any CPU
		{3F63A379-6954-4C1B-9251-4EBF3AF4C364}.Release|Any CPU.ActiveCfg = Release|Any CPU
		{3F63A379-6954-4C1B-9251-4EBF3AF4C364}.Release|Any CPU.Build.0 = Release|Any CPU
	EndGlobalSection
	GlobalSection(SolutionProperties) = preSolution
		HideSolutionNode = FALSE
	EndGlobalSection
	GlobalSection(ExtensibilityGlobals) = postSolution
		SolutionGuid = {A5F8C7E6-2C9E-4E0E-953E-E799ABFD1A27}
	EndGlobalSection
EndGlobal
