
Microsoft Visual Studio Solution File, Format Version 12.00
# Visual Studio Version 17
VisualStudioVersion = 17.4.32916.344
MinimumVisualStudioVersion = 10.0.40219.1
Project("{FAE04EC0-301F-11D3-BF4B-00C04F79EFBC}") = "Initialize001", "Initialize001\Initialize001.csproj", "{8143C4CB-BF76-4A31-8F25-C8257DD2645E}"
EndProject
Global
	GlobalSection(SolutionConfigurationPlatforms) = preSolution
		Debug|Any CPU = Debug|Any CPU
		Release|Any CPU = Release|Any CPU
	EndGlobalSection
	GlobalSection(ProjectConfigurationPlatforms) = postSolution
		{8143C4CB-BF76-4A31-8F25-C8257DD2645E}.Debug|Any CPU.ActiveCfg = Debug|Any CPU
		{8143C4CB-BF76-4A31-8F25-C8257DD2645E}.Debug|Any CPU.Build.0 = Debug|Any CPU
		{8143C4CB-BF76-4A31-8F25-C8257DD2645E}.Release|Any CPU.ActiveCfg = Release|Any CPU
		{8143C4CB-BF76-4A31-8F25-C8257DD2645E}.Release|Any CPU.Build.0 = Release|Any CPU
	EndGlobalSection
	GlobalSection(SolutionProperties) = preSolution
		HideSolutionNode = FALSE
	EndGlobalSection
	GlobalSection(ExtensibilityGlobals) = postSolution
		SolutionGuid = {C6E1A37A-05A0-4C4A-9533-F279F10DEF6E}
	EndGlobalSection
EndGlobal
