
Microsoft Visual Studio Solution File, Format Version 12.00
# Visual Studio Version 17
VisualStudioVersion = 17.4.32916.344
MinimumVisualStudioVersion = 10.0.40219.1
Project("{FAE04EC0-301F-11D3-BF4B-00C04F79EFBC}") = "InheritAndDelegate001", "InheritAndDelegate001\InheritAndDelegate001.csproj", "{67807BA8-00E1-451B-8261-331E8B895E1B}"
EndProject
Global
	GlobalSection(SolutionConfigurationPlatforms) = preSolution
		Debug|Any CPU = Debug|Any CPU
		Release|Any CPU = Release|Any CPU
	EndGlobalSection
	GlobalSection(ProjectConfigurationPlatforms) = postSolution
		{67807BA8-00E1-451B-8261-331E8B895E1B}.Debug|Any CPU.ActiveCfg = Debug|Any CPU
		{67807BA8-00E1-451B-8261-331E8B895E1B}.Debug|Any CPU.Build.0 = Debug|Any CPU
		{67807BA8-00E1-451B-8261-331E8B895E1B}.Release|Any CPU.ActiveCfg = Release|Any CPU
		{67807BA8-00E1-451B-8261-331E8B895E1B}.Release|Any CPU.Build.0 = Release|Any CPU
	EndGlobalSection
	GlobalSection(SolutionProperties) = preSolution
		HideSolutionNode = FALSE
	EndGlobalSection
	GlobalSection(ExtensibilityGlobals) = postSolution
		SolutionGuid = {3A5E7F7B-3EDE-4D79-8268-4CB23CA3C2CE}
	EndGlobalSection
EndGlobal
